// !$*UTF8*$!
{
	archiveVersion = 1;
	classes = {
	};
	objectVersion = 55;
	objects = {

/* Begin PBXBuildFile section */
		205B137B282DB9B700B1ACD3 /* Assets.xcassets in Resources */ = {isa = PBXBuildFile; fileRef = 205B1369282DB9B700B1ACD3 /* Assets.xcassets */; };
		205B137C282DB9B700B1ACD3 /* Assets.xcassets in Resources */ = {isa = PBXBuildFile; fileRef = 205B1369282DB9B700B1ACD3 /* Assets.xcassets */; };
		205B13E3282DBB6C00B1ACD3 /* PercentView.swift in Sources */ = {isa = PBXBuildFile; fileRef = 205B13CB282DBB6C00B1ACD3 /* PercentView.swift */; };
		205B13E4282DBB6C00B1ACD3 /* PercentView.swift in Sources */ = {isa = PBXBuildFile; fileRef = 205B13CB282DBB6C00B1ACD3 /* PercentView.swift */; };
		205B13E5282DBB6C00B1ACD3 /* ETAView.swift in Sources */ = {isa = PBXBuildFile; fileRef = 205B13CC282DBB6C00B1ACD3 /* ETAView.swift */; };
		205B13E6282DBB6C00B1ACD3 /* ETAView.swift in Sources */ = {isa = PBXBuildFile; fileRef = 205B13CC282DBB6C00B1ACD3 /* ETAView.swift */; };
		205B13E7282DBB6C00B1ACD3 /* UploadDownloadView.swift in Sources */ = {isa = PBXBuildFile; fileRef = 205B13CD282DBB6C00B1ACD3 /* UploadDownloadView.swift */; };
		205B13E8282DBB6C00B1ACD3 /* UploadDownloadView.swift in Sources */ = {isa = PBXBuildFile; fileRef = 205B13CD282DBB6C00B1ACD3 /* UploadDownloadView.swift */; };
		205B13E9282DBB6C00B1ACD3 /* RootViewModel.swift in Sources */ = {isa = PBXBuildFile; fileRef = 205B13CF282DBB6C00B1ACD3 /* RootViewModel.swift */; };
		205B13EA282DBB6C00B1ACD3 /* RootViewModel.swift in Sources */ = {isa = PBXBuildFile; fileRef = 205B13CF282DBB6C00B1ACD3 /* RootViewModel.swift */; };
		205B13EB282DBB6C00B1ACD3 /* TorrentListViewModel.swift in Sources */ = {isa = PBXBuildFile; fileRef = 205B13D0282DBB6C00B1ACD3 /* TorrentListViewModel.swift */; };
		205B13EC282DBB6C00B1ACD3 /* TorrentListViewModel.swift in Sources */ = {isa = PBXBuildFile; fileRef = 205B13D0282DBB6C00B1ACD3 /* TorrentListViewModel.swift */; };
		205B13ED282DBB6C00B1ACD3 /* MainViewModel.swift in Sources */ = {isa = PBXBuildFile; fileRef = 205B13D1282DBB6C00B1ACD3 /* MainViewModel.swift */; };
		205B13EE282DBB6C00B1ACD3 /* MainViewModel.swift in Sources */ = {isa = PBXBuildFile; fileRef = 205B13D1282DBB6C00B1ACD3 /* MainViewModel.swift */; };
		205B13EF282DBB6C00B1ACD3 /* SignInViewModel.swift in Sources */ = {isa = PBXBuildFile; fileRef = 205B13D2282DBB6C00B1ACD3 /* SignInViewModel.swift */; };
		205B13F0282DBB6C00B1ACD3 /* SignInViewModel.swift in Sources */ = {isa = PBXBuildFile; fileRef = 205B13D2282DBB6C00B1ACD3 /* SignInViewModel.swift */; };
		205B13F1282DBB6C00B1ACD3 /* DelugeClient.swift in Sources */ = {isa = PBXBuildFile; fileRef = 205B13D4282DBB6C00B1ACD3 /* DelugeClient.swift */; };
		205B13F2282DBB6C00B1ACD3 /* DelugeClient.swift in Sources */ = {isa = PBXBuildFile; fileRef = 205B13D4282DBB6C00B1ACD3 /* DelugeClient.swift */; };
		205B13F3282DBB6C00B1ACD3 /* TorrentState.swift in Sources */ = {isa = PBXBuildFile; fileRef = 205B13D6282DBB6C00B1ACD3 /* TorrentState.swift */; };
		205B13F4282DBB6C00B1ACD3 /* TorrentState.swift in Sources */ = {isa = PBXBuildFile; fileRef = 205B13D6282DBB6C00B1ACD3 /* TorrentState.swift */; };
		205B13F7282DBB6C00B1ACD3 /* Torrent.swift in Sources */ = {isa = PBXBuildFile; fileRef = 205B13D8282DBB6C00B1ACD3 /* Torrent.swift */; };
		205B13F8282DBB6C00B1ACD3 /* Torrent.swift in Sources */ = {isa = PBXBuildFile; fileRef = 205B13D8282DBB6C00B1ACD3 /* Torrent.swift */; };
		205B13F9282DBB6C00B1ACD3 /* Credentials.swift in Sources */ = {isa = PBXBuildFile; fileRef = 205B13D9282DBB6C00B1ACD3 /* Credentials.swift */; };
		205B13FA282DBB6C00B1ACD3 /* Credentials.swift in Sources */ = {isa = PBXBuildFile; fileRef = 205B13D9282DBB6C00B1ACD3 /* Credentials.swift */; };
		205B13FB282DBB6C00B1ACD3 /* RootView.swift in Sources */ = {isa = PBXBuildFile; fileRef = 205B13DB282DBB6C00B1ACD3 /* RootView.swift */; };
		205B13FC282DBB6C00B1ACD3 /* RootView.swift in Sources */ = {isa = PBXBuildFile; fileRef = 205B13DB282DBB6C00B1ACD3 /* RootView.swift */; };
		205B13FD282DBB6C00B1ACD3 /* SignInView.swift in Sources */ = {isa = PBXBuildFile; fileRef = 205B13DC282DBB6C00B1ACD3 /* SignInView.swift */; };
		205B13FE282DBB6C00B1ACD3 /* SignInView.swift in Sources */ = {isa = PBXBuildFile; fileRef = 205B13DC282DBB6C00B1ACD3 /* SignInView.swift */; };
		205B13FF282DBB6C00B1ACD3 /* TorrentListItemView.swift in Sources */ = {isa = PBXBuildFile; fileRef = 205B13DE282DBB6C00B1ACD3 /* TorrentListItemView.swift */; };
		205B1400282DBB6C00B1ACD3 /* TorrentListItemView.swift in Sources */ = {isa = PBXBuildFile; fileRef = 205B13DE282DBB6C00B1ACD3 /* TorrentListItemView.swift */; };
		205B1403282DBB6C00B1ACD3 /* TorrentListView.swift in Sources */ = {isa = PBXBuildFile; fileRef = 205B13E0282DBB6C00B1ACD3 /* TorrentListView.swift */; };
		205B1404282DBB6C00B1ACD3 /* TorrentListView.swift in Sources */ = {isa = PBXBuildFile; fileRef = 205B13E0282DBB6C00B1ACD3 /* TorrentListView.swift */; };
		205B1405282DBB6C00B1ACD3 /* MainView.swift in Sources */ = {isa = PBXBuildFile; fileRef = 205B13E1282DBB6C00B1ACD3 /* MainView.swift */; };
		205B1406282DBB6C00B1ACD3 /* MainView.swift in Sources */ = {isa = PBXBuildFile; fileRef = 205B13E1282DBB6C00B1ACD3 /* MainView.swift */; };
		205B1407282DBB6C00B1ACD3 /* DelugeApp.swift in Sources */ = {isa = PBXBuildFile; fileRef = 205B13E2282DBB6C00B1ACD3 /* DelugeApp.swift */; };
		205B1408282DBB6C00B1ACD3 /* DelugeApp.swift in Sources */ = {isa = PBXBuildFile; fileRef = 205B13E2282DBB6C00B1ACD3 /* DelugeApp.swift */; };
/* End PBXBuildFile section */

/* Begin PBXFileReference section */
		205B1369282DB9B700B1ACD3 /* Assets.xcassets */ = {isa = PBXFileReference; lastKnownFileType = folder.assetcatalog; path = Assets.xcassets; sourceTree = "<group>"; };
		205B136E282DB9B700B1ACD3 /* Deluge.app */ = {isa = PBXFileReference; explicitFileType = wrapper.application; includeInIndex = 0; path = Deluge.app; sourceTree = BUILT_PRODUCTS_DIR; };
		205B1374282DB9B700B1ACD3 /* Deluge.app */ = {isa = PBXFileReference; explicitFileType = wrapper.application; includeInIndex = 0; path = Deluge.app; sourceTree = BUILT_PRODUCTS_DIR; };
		205B1376282DB9B700B1ACD3 /* macOS.entitlements */ = {isa = PBXFileReference; lastKnownFileType = text.plist.entitlements; path = macOS.entitlements; sourceTree = "<group>"; };
		205B13CB282DBB6C00B1ACD3 /* PercentView.swift */ = {isa = PBXFileReference; fileEncoding = 4; lastKnownFileType = sourcecode.swift; path = PercentView.swift; sourceTree = "<group>"; };
		205B13CC282DBB6C00B1ACD3 /* ETAView.swift */ = {isa = PBXFileReference; fileEncoding = 4; lastKnownFileType = sourcecode.swift; path = ETAView.swift; sourceTree = "<group>"; };
		205B13CD282DBB6C00B1ACD3 /* UploadDownloadView.swift */ = {isa = PBXFileReference; fileEncoding = 4; lastKnownFileType = sourcecode.swift; path = UploadDownloadView.swift; sourceTree = "<group>"; };
		205B13CF282DBB6C00B1ACD3 /* RootViewModel.swift */ = {isa = PBXFileReference; fileEncoding = 4; lastKnownFileType = sourcecode.swift; path = RootViewModel.swift; sourceTree = "<group>"; };
		205B13D0282DBB6C00B1ACD3 /* TorrentListViewModel.swift */ = {isa = PBXFileReference; fileEncoding = 4; lastKnownFileType = sourcecode.swift; path = TorrentListViewModel.swift; sourceTree = "<group>"; };
		205B13D1282DBB6C00B1ACD3 /* MainViewModel.swift */ = {isa = PBXFileReference; fileEncoding = 4; lastKnownFileType = sourcecode.swift; path = MainViewModel.swift; sourceTree = "<group>"; };
		205B13D2282DBB6C00B1ACD3 /* SignInViewModel.swift */ = {isa = PBXFileReference; fileEncoding = 4; lastKnownFileType = sourcecode.swift; path = SignInViewModel.swift; sourceTree = "<group>"; };
		205B13D4282DBB6C00B1ACD3 /* DelugeClient.swift */ = {isa = PBXFileReference; fileEncoding = 4; lastKnownFileType = sourcecode.swift; path = DelugeClient.swift; sourceTree = "<group>"; };
		205B13D6282DBB6C00B1ACD3 /* TorrentState.swift */ = {isa = PBXFileReference; fileEncoding = 4; lastKnownFileType = sourcecode.swift; path = TorrentState.swift; sourceTree = "<group>"; };
		205B13D8282DBB6C00B1ACD3 /* Torrent.swift */ = {isa = PBXFileReference; fileEncoding = 4; lastKnownFileType = sourcecode.swift; path = Torrent.swift; sourceTree = "<group>"; };
		205B13D9282DBB6C00B1ACD3 /* Credentials.swift */ = {isa = PBXFileReference; fileEncoding = 4; lastKnownFileType = sourcecode.swift; path = Credentials.swift; sourceTree = "<group>"; };
		205B13DB282DBB6C00B1ACD3 /* RootView.swift */ = {isa = PBXFileReference; fileEncoding = 4; lastKnownFileType = sourcecode.swift; path = RootView.swift; sourceTree = "<group>"; };
		205B13DC282DBB6C00B1ACD3 /* SignInView.swift */ = {isa = PBXFileReference; fileEncoding = 4; lastKnownFileType = sourcecode.swift; path = SignInView.swift; sourceTree = "<group>"; };
		205B13DE282DBB6C00B1ACD3 /* TorrentListItemView.swift */ = {isa = PBXFileReference; fileEncoding = 4; lastKnownFileType = sourcecode.swift; path = TorrentListItemView.swift; sourceTree = "<group>"; };
		205B13E0282DBB6C00B1ACD3 /* TorrentListView.swift */ = {isa = PBXFileReference; fileEncoding = 4; lastKnownFileType = sourcecode.swift; path = TorrentListView.swift; sourceTree = "<group>"; };
		205B13E1282DBB6C00B1ACD3 /* MainView.swift */ = {isa = PBXFileReference; fileEncoding = 4; lastKnownFileType = sourcecode.swift; path = MainView.swift; sourceTree = "<group>"; };
		205B13E2282DBB6C00B1ACD3 /* DelugeApp.swift */ = {isa = PBXFileReference; fileEncoding = 4; lastKnownFileType = sourcecode.swift; path = DelugeApp.swift; sourceTree = "<group>"; };
/* End PBXFileReference section */

/* Begin PBXFrameworksBuildPhase section */
		205B136B282DB9B700B1ACD3 /* Frameworks */ = {
			isa = PBXFrameworksBuildPhase;
			buildActionMask = 2147483647;
			files = (
			);
			runOnlyForDeploymentPostprocessing = 0;
		};
		205B1371282DB9B700B1ACD3 /* Frameworks */ = {
			isa = PBXFrameworksBuildPhase;
			buildActionMask = 2147483647;
			files = (
			);
			runOnlyForDeploymentPostprocessing = 0;
		};
/* End PBXFrameworksBuildPhase section */

/* Begin PBXGroup section */
		205B1361282DB9B600B1ACD3 = {
			isa = PBXGroup;
			children = (
				205B1366282DB9B600B1ACD3 /* Shared */,
				205B1375282DB9B700B1ACD3 /* macOS */,
				205B136F282DB9B700B1ACD3 /* Products */,
			);
			sourceTree = "<group>";
		};
		205B1366282DB9B600B1ACD3 /* Shared */ = {
			isa = PBXGroup;
			children = (
				205B1369282DB9B700B1ACD3 /* Assets.xcassets */,
				205B13E2282DBB6C00B1ACD3 /* DelugeApp.swift */,
				205B13C9282DBB6C00B1ACD3 /* App */,
			);
			path = Shared;
			sourceTree = "<group>";
		};
		205B136F282DB9B700B1ACD3 /* Products */ = {
			isa = PBXGroup;
			children = (
				205B136E282DB9B700B1ACD3 /* Deluge.app */,
				205B1374282DB9B700B1ACD3 /* Deluge.app */,
			);
			name = Products;
			sourceTree = "<group>";
		};
		205B1375282DB9B700B1ACD3 /* macOS */ = {
			isa = PBXGroup;
			children = (
				205B1376282DB9B700B1ACD3 /* macOS.entitlements */,
			);
			path = macOS;
			sourceTree = "<group>";
		};
		205B13C9282DBB6C00B1ACD3 /* App */ = {
			isa = PBXGroup;
			children = (
				205B13CA282DBB6C00B1ACD3 /* Misc - Views */,
				205B13CE282DBB6C00B1ACD3 /* ViewModels */,
				205B13D3282DBB6C00B1ACD3 /* Network */,
				205B13D5282DBB6C00B1ACD3 /* Models */,
				205B13DA282DBB6C00B1ACD3 /* Views */,
			);
			path = App;
			sourceTree = "<group>";
		};
		205B13CA282DBB6C00B1ACD3 /* Misc - Views */ = {
			isa = PBXGroup;
			children = (
				205B13CB282DBB6C00B1ACD3 /* PercentView.swift */,
				205B13CC282DBB6C00B1ACD3 /* ETAView.swift */,
				205B13CD282DBB6C00B1ACD3 /* UploadDownloadView.swift */,
			);
			path = "Misc - Views";
			sourceTree = "<group>";
		};
		205B13CE282DBB6C00B1ACD3 /* ViewModels */ = {
			isa = PBXGroup;
			children = (
				205B13CF282DBB6C00B1ACD3 /* RootViewModel.swift */,
				205B13D0282DBB6C00B1ACD3 /* TorrentListViewModel.swift */,
				205B13D1282DBB6C00B1ACD3 /* MainViewModel.swift */,
				205B13D2282DBB6C00B1ACD3 /* SignInViewModel.swift */,
			);
			path = ViewModels;
			sourceTree = "<group>";
		};
		205B13D3282DBB6C00B1ACD3 /* Network */ = {
			isa = PBXGroup;
			children = (
				205B13D4282DBB6C00B1ACD3 /* DelugeClient.swift */,
			);
			path = Network;
			sourceTree = "<group>";
		};
		205B13D5282DBB6C00B1ACD3 /* Models */ = {
			isa = PBXGroup;
			children = (
				205B13D6282DBB6C00B1ACD3 /* TorrentState.swift */,
				205B13D8282DBB6C00B1ACD3 /* Torrent.swift */,
				205B13D9282DBB6C00B1ACD3 /* Credentials.swift */,
			);
			path = Models;
			sourceTree = "<group>";
		};
		205B13DA282DBB6C00B1ACD3 /* Views */ = {
			isa = PBXGroup;
			children = (
				205B13DB282DBB6C00B1ACD3 /* RootView.swift */,
				205B13DC282DBB6C00B1ACD3 /* SignInView.swift */,
				205B13DD282DBB6C00B1ACD3 /* List */,
				205B13E1282DBB6C00B1ACD3 /* MainView.swift */,
			);
			path = Views;
			sourceTree = "<group>";
		};
		205B13DD282DBB6C00B1ACD3 /* List */ = {
			isa = PBXGroup;
			children = (
				205B13DE282DBB6C00B1ACD3 /* TorrentListItemView.swift */,
				205B13E0282DBB6C00B1ACD3 /* TorrentListView.swift */,
			);
			path = List;
			sourceTree = "<group>";
		};
/* End PBXGroup section */

/* Begin PBXNativeTarget section */
		205B136D282DB9B700B1ACD3 /* Deluge (iOS) */ = {
			isa = PBXNativeTarget;
			buildConfigurationList = 205B137F282DB9B700B1ACD3 /* Build configuration list for PBXNativeTarget "Deluge (iOS)" */;
			buildPhases = (
				205B136A282DB9B700B1ACD3 /* Sources */,
				205B136B282DB9B700B1ACD3 /* Frameworks */,
				205B136C282DB9B700B1ACD3 /* Resources */,
			);
			buildRules = (
			);
			dependencies = (
			);
			name = "Deluge (iOS)";
			productName = "Deluge (iOS)";
			productReference = 205B136E282DB9B700B1ACD3 /* Deluge.app */;
			productType = "com.apple.product-type.application";
		};
		205B1373282DB9B700B1ACD3 /* Deluge (macOS) */ = {
			isa = PBXNativeTarget;
			buildConfigurationList = 205B1382282DB9B700B1ACD3 /* Build configuration list for PBXNativeTarget "Deluge (macOS)" */;
			buildPhases = (
				205B1370282DB9B700B1ACD3 /* Sources */,
				205B1371282DB9B700B1ACD3 /* Frameworks */,
				205B1372282DB9B700B1ACD3 /* Resources */,
			);
			buildRules = (
			);
			dependencies = (
			);
			name = "Deluge (macOS)";
			productName = "Deluge (macOS)";
			productReference = 205B1374282DB9B700B1ACD3 /* Deluge.app */;
			productType = "com.apple.product-type.application";
		};
/* End PBXNativeTarget section */

/* Begin PBXProject section */
		205B1362282DB9B600B1ACD3 /* Project object */ = {
			isa = PBXProject;
			attributes = {
				BuildIndependentTargetsInParallel = 1;
				LastSwiftUpdateCheck = 1330;
				LastUpgradeCheck = 1330;
				TargetAttributes = {
					205B136D282DB9B700B1ACD3 = {
						CreatedOnToolsVersion = 13.3.1;
						LastSwiftMigration = 1330;
					};
					205B1373282DB9B700B1ACD3 = {
						CreatedOnToolsVersion = 13.3.1;
						LastSwiftMigration = 1330;
					};
				};
			};
			buildConfigurationList = 205B1365282DB9B600B1ACD3 /* Build configuration list for PBXProject "Deluge" */;
			compatibilityVersion = "Xcode 13.0";
			developmentRegion = en;
			hasScannedForEncodings = 0;
			knownRegions = (
				en,
				Base,
			);
			mainGroup = 205B1361282DB9B600B1ACD3;
			packageReferences = (
				205B13C8282DBA4D00B1ACD3 /* XCRemoteSwiftPackageReference "KeychainStored" */,
			);
			productRefGroup = 205B136F282DB9B700B1ACD3 /* Products */;
			projectDirPath = "";
			projectRoot = "";
			targets = (
				205B136D282DB9B700B1ACD3 /* Deluge (iOS) */,
				205B1373282DB9B700B1ACD3 /* Deluge (macOS) */,
			);
		};
/* End PBXProject section */

/* Begin PBXResourcesBuildPhase section */
		205B136C282DB9B700B1ACD3 /* Resources */ = {
			isa = PBXResourcesBuildPhase;
			buildActionMask = 2147483647;
			files = (
				205B137B282DB9B700B1ACD3 /* Assets.xcassets in Resources */,
			);
			runOnlyForDeploymentPostprocessing = 0;
		};
		205B1372282DB9B700B1ACD3 /* Resources */ = {
			isa = PBXResourcesBuildPhase;
			buildActionMask = 2147483647;
			files = (
				205B137C282DB9B700B1ACD3 /* Assets.xcassets in Resources */,
			);
			runOnlyForDeploymentPostprocessing = 0;
		};
/* End PBXResourcesBuildPhase section */

/* Begin PBXSourcesBuildPhase section */
		205B136A282DB9B700B1ACD3 /* Sources */ = {
			isa = PBXSourcesBuildPhase;
			buildActionMask = 2147483647;
			files = (
				205B13E3282DBB6C00B1ACD3 /* PercentView.swift in Sources */,
				205B1405282DBB6C00B1ACD3 /* MainView.swift in Sources */,
				205B13F7282DBB6C00B1ACD3 /* Torrent.swift in Sources */,
				205B13EF282DBB6C00B1ACD3 /* SignInViewModel.swift in Sources */,
				205B1403282DBB6C00B1ACD3 /* TorrentListView.swift in Sources */,
				205B13F1282DBB6C00B1ACD3 /* DelugeClient.swift in Sources */,
				205B13E5282DBB6C00B1ACD3 /* ETAView.swift in Sources */,
				205B13F9282DBB6C00B1ACD3 /* Credentials.swift in Sources */,
				205B13E9282DBB6C00B1ACD3 /* RootViewModel.swift in Sources */,
				205B13FD282DBB6C00B1ACD3 /* SignInView.swift in Sources */,
				205B1407282DBB6C00B1ACD3 /* DelugeApp.swift in Sources */,
				205B13FF282DBB6C00B1ACD3 /* TorrentListItemView.swift in Sources */,
				205B13EB282DBB6C00B1ACD3 /* TorrentListViewModel.swift in Sources */,
				205B13FB282DBB6C00B1ACD3 /* RootView.swift in Sources */,
				205B13F3282DBB6C00B1ACD3 /* TorrentState.swift in Sources */,
				205B13E7282DBB6C00B1ACD3 /* UploadDownloadView.swift in Sources */,
				205B13ED282DBB6C00B1ACD3 /* MainViewModel.swift in Sources */,
			);
			runOnlyForDeploymentPostprocessing = 0;
		};
		205B1370282DB9B700B1ACD3 /* Sources */ = {
			isa = PBXSourcesBuildPhase;
			buildActionMask = 2147483647;
			files = (
				205B13E4282DBB6C00B1ACD3 /* PercentView.swift in Sources */,
				205B1406282DBB6C00B1ACD3 /* MainView.swift in Sources */,
				205B13F8282DBB6C00B1ACD3 /* Torrent.swift in Sources */,
				205B13F0282DBB6C00B1ACD3 /* SignInViewModel.swift in Sources */,
				205B1404282DBB6C00B1ACD3 /* TorrentListView.swift in Sources */,
				205B13F2282DBB6C00B1ACD3 /* DelugeClient.swift in Sources */,
				205B13E6282DBB6C00B1ACD3 /* ETAView.swift in Sources */,
				205B13FA282DBB6C00B1ACD3 /* Credentials.swift in Sources */,
				205B13EA282DBB6C00B1ACD3 /* RootViewModel.swift in Sources */,
				205B13FE282DBB6C00B1ACD3 /* SignInView.swift in Sources */,
				205B1408282DBB6C00B1ACD3 /* DelugeApp.swift in Sources */,
				205B1400282DBB6C00B1ACD3 /* TorrentListItemView.swift in Sources */,
				205B13EC282DBB6C00B1ACD3 /* TorrentListViewModel.swift in Sources */,
				205B13FC282DBB6C00B1ACD3 /* RootView.swift in Sources */,
				205B13F4282DBB6C00B1ACD3 /* TorrentState.swift in Sources */,
				205B13E8282DBB6C00B1ACD3 /* UploadDownloadView.swift in Sources */,
				205B13EE282DBB6C00B1ACD3 /* MainViewModel.swift in Sources */,
			);
			runOnlyForDeploymentPostprocessing = 0;
		};
/* End PBXSourcesBuildPhase section */

/* Begin XCBuildConfiguration section */
		205B137D282DB9B700B1ACD3 /* Debug */ = {
			isa = XCBuildConfiguration;
			buildSettings = {
				ALWAYS_SEARCH_USER_PATHS = NO;
				CLANG_ANALYZER_NONNULL = YES;
				CLANG_ANALYZER_NUMBER_OBJECT_CONVERSION = YES_AGGRESSIVE;
				CLANG_CXX_LANGUAGE_STANDARD = "gnu++17";
				CLANG_ENABLE_MODULES = YES;
				CLANG_ENABLE_OBJC_ARC = YES;
				CLANG_ENABLE_OBJC_WEAK = YES;
				CLANG_WARN_BLOCK_CAPTURE_AUTORELEASING = YES;
				CLANG_WARN_BOOL_CONVERSION = YES;
				CLANG_WARN_COMMA = YES;
				CLANG_WARN_CONSTANT_CONVERSION = YES;
				CLANG_WARN_DEPRECATED_OBJC_IMPLEMENTATIONS = YES;
				CLANG_WARN_DIRECT_OBJC_ISA_USAGE = YES_ERROR;
				CLANG_WARN_DOCUMENTATION_COMMENTS = YES;
				CLANG_WARN_EMPTY_BODY = YES;
				CLANG_WARN_ENUM_CONVERSION = YES;
				CLANG_WARN_INFINITE_RECURSION = YES;
				CLANG_WARN_INT_CONVERSION = YES;
				CLANG_WARN_NON_LITERAL_NULL_CONVERSION = YES;
				CLANG_WARN_OBJC_IMPLICIT_RETAIN_SELF = YES;
				CLANG_WARN_OBJC_LITERAL_CONVERSION = YES;
				CLANG_WARN_OBJC_ROOT_CLASS = YES_ERROR;
				CLANG_WARN_QUOTED_INCLUDE_IN_FRAMEWORK_HEADER = YES;
				CLANG_WARN_RANGE_LOOP_ANALYSIS = YES;
				CLANG_WARN_STRICT_PROTOTYPES = YES;
				CLANG_WARN_SUSPICIOUS_MOVE = YES;
				CLANG_WARN_UNGUARDED_AVAILABILITY = YES_AGGRESSIVE;
				CLANG_WARN_UNREACHABLE_CODE = YES;
				CLANG_WARN__DUPLICATE_METHOD_MATCH = YES;
				COPY_PHASE_STRIP = NO;
				DEBUG_INFORMATION_FORMAT = dwarf;
				ENABLE_STRICT_OBJC_MSGSEND = YES;
				ENABLE_TESTABILITY = YES;
				GCC_C_LANGUAGE_STANDARD = gnu11;
				GCC_DYNAMIC_NO_PIC = NO;
				GCC_NO_COMMON_BLOCKS = YES;
				GCC_OPTIMIZATION_LEVEL = 0;
				GCC_PREPROCESSOR_DEFINITIONS = (
					"DEBUG=1",
					"$(inherited)",
				);
				GCC_WARN_64_TO_32_BIT_CONVERSION = YES;
				GCC_WARN_ABOUT_RETURN_TYPE = YES_ERROR;
				GCC_WARN_UNDECLARED_SELECTOR = YES;
				GCC_WARN_UNINITIALIZED_AUTOS = YES_AGGRESSIVE;
				GCC_WARN_UNUSED_FUNCTION = YES;
				GCC_WARN_UNUSED_VARIABLE = YES;
				MTL_ENABLE_DEBUG_INFO = INCLUDE_SOURCE;
				MTL_FAST_MATH = YES;
				ONLY_ACTIVE_ARCH = YES;
				SWIFT_ACTIVE_COMPILATION_CONDITIONS = DEBUG;
				SWIFT_OPTIMIZATION_LEVEL = "-Onone";
			};
			name = Debug;
		};
		205B137E282DB9B700B1ACD3 /* Release */ = {
			isa = XCBuildConfiguration;
			buildSettings = {
				ALWAYS_SEARCH_USER_PATHS = NO;
				CLANG_ANALYZER_NONNULL = YES;
				CLANG_ANALYZER_NUMBER_OBJECT_CONVERSION = YES_AGGRESSIVE;
				CLANG_CXX_LANGUAGE_STANDARD = "gnu++17";
				CLANG_ENABLE_MODULES = YES;
				CLANG_ENABLE_OBJC_ARC = YES;
				CLANG_ENABLE_OBJC_WEAK = YES;
				CLANG_WARN_BLOCK_CAPTURE_AUTORELEASING = YES;
				CLANG_WARN_BOOL_CONVERSION = YES;
				CLANG_WARN_COMMA = YES;
				CLANG_WARN_CONSTANT_CONVERSION = YES;
				CLANG_WARN_DEPRECATED_OBJC_IMPLEMENTATIONS = YES;
				CLANG_WARN_DIRECT_OBJC_ISA_USAGE = YES_ERROR;
				CLANG_WARN_DOCUMENTATION_COMMENTS = YES;
				CLANG_WARN_EMPTY_BODY = YES;
				CLANG_WARN_ENUM_CONVERSION = YES;
				CLANG_WARN_INFINITE_RECURSION = YES;
				CLANG_WARN_INT_CONVERSION = YES;
				CLANG_WARN_NON_LITERAL_NULL_CONVERSION = YES;
				CLANG_WARN_OBJC_IMPLICIT_RETAIN_SELF = YES;
				CLANG_WARN_OBJC_LITERAL_CONVERSION = YES;
				CLANG_WARN_OBJC_ROOT_CLASS = YES_ERROR;
				CLANG_WARN_QUOTED_INCLUDE_IN_FRAMEWORK_HEADER = YES;
				CLANG_WARN_RANGE_LOOP_ANALYSIS = YES;
				CLANG_WARN_STRICT_PROTOTYPES = YES;
				CLANG_WARN_SUSPICIOUS_MOVE = YES;
				CLANG_WARN_UNGUARDED_AVAILABILITY = YES_AGGRESSIVE;
				CLANG_WARN_UNREACHABLE_CODE = YES;
				CLANG_WARN__DUPLICATE_METHOD_MATCH = YES;
				COPY_PHASE_STRIP = NO;
				DEBUG_INFORMATION_FORMAT = "dwarf-with-dsym";
				ENABLE_NS_ASSERTIONS = NO;
				ENABLE_STRICT_OBJC_MSGSEND = YES;
				GCC_C_LANGUAGE_STANDARD = gnu11;
				GCC_NO_COMMON_BLOCKS = YES;
				GCC_WARN_64_TO_32_BIT_CONVERSION = YES;
				GCC_WARN_ABOUT_RETURN_TYPE = YES_ERROR;
				GCC_WARN_UNDECLARED_SELECTOR = YES;
				GCC_WARN_UNINITIALIZED_AUTOS = YES_AGGRESSIVE;
				GCC_WARN_UNUSED_FUNCTION = YES;
				GCC_WARN_UNUSED_VARIABLE = YES;
				MTL_ENABLE_DEBUG_INFO = NO;
				MTL_FAST_MATH = YES;
				SWIFT_COMPILATION_MODE = wholemodule;
				SWIFT_OPTIMIZATION_LEVEL = "-O";
			};
			name = Release;
		};
		205B1380282DB9B700B1ACD3 /* Debug */ = {
			isa = XCBuildConfiguration;
			buildSettings = {
				ASSETCATALOG_COMPILER_APPICON_NAME = AppIcon;
				ASSETCATALOG_COMPILER_GLOBAL_ACCENT_COLOR_NAME = AccentColor;
				CLANG_ENABLE_MODULES = YES;
				CODE_SIGN_STYLE = Automatic;
				CURRENT_PROJECT_VERSION = 1;
				DEVELOPMENT_TEAM = 49JZ893555;
				ENABLE_PREVIEWS = YES;
				GENERATE_INFOPLIST_FILE = YES;
				INFOPLIST_KEY_UIApplicationSceneManifest_Generation = YES;
				INFOPLIST_KEY_UIApplicationSupportsIndirectInputEvents = YES;
				INFOPLIST_KEY_UILaunchScreen_Generation = YES;
				INFOPLIST_KEY_UISupportedInterfaceOrientations_iPad = "UIInterfaceOrientationPortrait UIInterfaceOrientationPortraitUpsideDown UIInterfaceOrientationLandscapeLeft UIInterfaceOrientationLandscapeRight";
				INFOPLIST_KEY_UISupportedInterfaceOrientations_iPhone = "UIInterfaceOrientationPortrait UIInterfaceOrientationLandscapeLeft UIInterfaceOrientationLandscapeRight";
				IPHONEOS_DEPLOYMENT_TARGET = 15.4;
				LD_RUNPATH_SEARCH_PATHS = (
					"$(inherited)",
					"@executable_path/Frameworks",
				);
				MARKETING_VERSION = 1.0;
				PRODUCT_BUNDLE_IDENTIFIER = com.emil.ios.Deluge;
				PRODUCT_NAME = Deluge;
				SDKROOT = iphoneos;
				SWIFT_EMIT_LOC_STRINGS = YES;
				SWIFT_OPTIMIZATION_LEVEL = "-Onone";
				SWIFT_VERSION = 5.0;
				TARGETED_DEVICE_FAMILY = "1,2";
			};
			name = Debug;
		};
		205B1381282DB9B700B1ACD3 /* Release */ = {
			isa = XCBuildConfiguration;
			buildSettings = {
				ASSETCATALOG_COMPILER_APPICON_NAME = AppIcon;
				ASSETCATALOG_COMPILER_GLOBAL_ACCENT_COLOR_NAME = AccentColor;
				CLANG_ENABLE_MODULES = YES;
				CODE_SIGN_STYLE = Automatic;
				CURRENT_PROJECT_VERSION = 1;
				DEVELOPMENT_TEAM = 49JZ893555;
				ENABLE_PREVIEWS = YES;
				GENERATE_INFOPLIST_FILE = YES;
				INFOPLIST_KEY_UIApplicationSceneManifest_Generation = YES;
				INFOPLIST_KEY_UIApplicationSupportsIndirectInputEvents = YES;
				INFOPLIST_KEY_UILaunchScreen_Generation = YES;
				INFOPLIST_KEY_UISupportedInterfaceOrientations_iPad = "UIInterfaceOrientationPortrait UIInterfaceOrientationPortraitUpsideDown UIInterfaceOrientationLandscapeLeft UIInterfaceOrientationLandscapeRight";
				INFOPLIST_KEY_UISupportedInterfaceOrientations_iPhone = "UIInterfaceOrientationPortrait UIInterfaceOrientationLandscapeLeft UIInterfaceOrientationLandscapeRight";
				IPHONEOS_DEPLOYMENT_TARGET = 15.4;
				LD_RUNPATH_SEARCH_PATHS = (
					"$(inherited)",
					"@executable_path/Frameworks",
				);
				MARKETING_VERSION = 1.0;
				PRODUCT_BUNDLE_IDENTIFIER = com.emil.ios.Deluge;
				PRODUCT_NAME = Deluge;
				SDKROOT = iphoneos;
				SWIFT_EMIT_LOC_STRINGS = YES;
				SWIFT_VERSION = 5.0;
				TARGETED_DEVICE_FAMILY = "1,2";
				VALIDATE_PRODUCT = YES;
			};
			name = Release;
		};
		205B1383282DB9B700B1ACD3 /* Debug */ = {
			isa = XCBuildConfiguration;
			buildSettings = {
				ASSETCATALOG_COMPILER_APPICON_NAME = AppIcon;
				ASSETCATALOG_COMPILER_GLOBAL_ACCENT_COLOR_NAME = AccentColor;
				CLANG_ENABLE_MODULES = YES;
				CODE_SIGN_ENTITLEMENTS = macOS/macOS.entitlements;
				CODE_SIGN_STYLE = Automatic;
				COMBINE_HIDPI_IMAGES = YES;
				CURRENT_PROJECT_VERSION = 1;
				DEVELOPMENT_TEAM = 49JZ893555;
				ENABLE_HARDENED_RUNTIME = YES;
				ENABLE_PREVIEWS = YES;
				GENERATE_INFOPLIST_FILE = YES;
				INFOPLIST_KEY_NSHumanReadableCopyright = "";
				LD_RUNPATH_SEARCH_PATHS = (
					"$(inherited)",
					"@executable_path/../Frameworks",
				);
				MACOSX_DEPLOYMENT_TARGET = 12.3;
				MARKETING_VERSION = 1.0;
				PRODUCT_BUNDLE_IDENTIFIER = com.emil.ios.Deluge;
				PRODUCT_NAME = Deluge;
				SDKROOT = macosx;
				SWIFT_EMIT_LOC_STRINGS = YES;
				SWIFT_OPTIMIZATION_LEVEL = "-Onone";
				SWIFT_VERSION = 5.0;
			};
			name = Debug;
		};
		205B1384282DB9B700B1ACD3 /* Release */ = {
			isa = XCBuildConfiguration;
			buildSettings = {
				ASSETCATALOG_COMPILER_APPICON_NAME = AppIcon;
				ASSETCATALOG_COMPILER_GLOBAL_ACCENT_COLOR_NAME = AccentColor;
				CLANG_ENABLE_MODULES = YES;
				CODE_SIGN_ENTITLEMENTS = macOS/macOS.entitlements;
				CODE_SIGN_STYLE = Automatic;
				COMBINE_HIDPI_IMAGES = YES;
				CURRENT_PROJECT_VERSION = 1;
				DEVELOPMENT_TEAM = 49JZ893555;
				ENABLE_HARDENED_RUNTIME = YES;
				ENABLE_PREVIEWS = YES;
				GENERATE_INFOPLIST_FILE = YES;
				INFOPLIST_KEY_NSHumanReadableCopyright = "";
				LD_RUNPATH_SEARCH_PATHS = (
					"$(inherited)",
					"@executable_path/../Frameworks",
				);
				MACOSX_DEPLOYMENT_TARGET = 12.3;
				MARKETING_VERSION = 1.0;
				PRODUCT_BUNDLE_IDENTIFIER = com.emil.ios.Deluge;
				PRODUCT_NAME = Deluge;
				SDKROOT = macosx;
				SWIFT_EMIT_LOC_STRINGS = YES;
				SWIFT_VERSION = 5.0;
			};
			name = Release;
		};
/* End XCBuildConfiguration section */

/* Begin XCConfigurationList section */
		205B1365282DB9B600B1ACD3 /* Build configuration list for PBXProject "Deluge" */ = {
			isa = XCConfigurationList;
			buildConfigurations = (
				205B137D282DB9B700B1ACD3 /* Debug */,
				205B137E282DB9B700B1ACD3 /* Release */,
			);
			defaultConfigurationIsVisible = 0;
			defaultConfigurationName = Release;
		};
		205B137F282DB9B700B1ACD3 /* Build configuration list for PBXNativeTarget "Deluge (iOS)" */ = {
			isa = XCConfigurationList;
			buildConfigurations = (
				205B1380282DB9B700B1ACD3 /* Debug */,
				205B1381282DB9B700B1ACD3 /* Release */,
			);
			defaultConfigurationIsVisible = 0;
			defaultConfigurationName = Release;
		};
		205B1382282DB9B700B1ACD3 /* Build configuration list for PBXNativeTarget "Deluge (macOS)" */ = {
			isa = XCConfigurationList;
			buildConfigurations = (
				205B1383282DB9B700B1ACD3 /* Debug */,
				205B1384282DB9B700B1ACD3 /* Release */,
			);
			defaultConfigurationIsVisible = 0;
			defaultConfigurationName = Release;
		};
/* End XCConfigurationList section */

/* Begin XCRemoteSwiftPackageReference section */
		205B13C8282DBA4D00B1ACD3 /* XCRemoteSwiftPackageReference "KeychainStored" */ = {
			isa = XCRemoteSwiftPackageReference;
			repositoryURL = "https://github.com/owowagency/KeychainStored";
			requirement = {
				kind = upToNextMajorVersion;
				minimumVersion = 1.0.0;
			};
		};
/* End XCRemoteSwiftPackageReference section */
	};
	rootObject = 205B1362282DB9B600B1ACD3 /* Project object */;
}
