// !$*UTF8*$!
{
	archiveVersion = 1;
	classes = {
	};
	objectVersion = 50;
	objects = {

/* Begin PBXBuildFile section */
		207F232F2461220D000312AC /* AppDelegate.swift in Sources */ = {isa = PBXBuildFile; fileRef = 207F232E2461220D000312AC /* AppDelegate.swift */; };
		207F23312461220D000312AC /* SceneDelegate.swift in Sources */ = {isa = PBXBuildFile; fileRef = 207F23302461220D000312AC /* SceneDelegate.swift */; };
		207F23332461220D000312AC /* ContentView.swift in Sources */ = {isa = PBXBuildFile; fileRef = 207F23322461220D000312AC /* ContentView.swift */; };
		207F23352461220F000312AC /* Assets.xcassets in Resources */ = {isa = PBXBuildFile; fileRef = 207F23342461220F000312AC /* Assets.xcassets */; };
		207F23382461220F000312AC /* Preview Assets.xcassets in Resources */ = {isa = PBXBuildFile; fileRef = 207F23372461220F000312AC /* Preview Assets.xcassets */; };
		207F233B2461220F000312AC /* LaunchScreen.storyboard in Resources */ = {isa = PBXBuildFile; fileRef = 207F23392461220F000312AC /* LaunchScreen.storyboard */; };
		207F234324612229000312AC /* SignInView.swift in Sources */ = {isa = PBXBuildFile; fileRef = 207F234224612229000312AC /* SignInView.swift */; };
		207F234524612268000312AC /* RootViewModel.swift in Sources */ = {isa = PBXBuildFile; fileRef = 207F234424612268000312AC /* RootViewModel.swift */; };
		207F234924612291000312AC /* RootView.swift in Sources */ = {isa = PBXBuildFile; fileRef = 207F234824612291000312AC /* RootView.swift */; };
		207F234C24612449000312AC /* TorrentStatus.swift in Sources */ = {isa = PBXBuildFile; fileRef = 207F234B24612449000312AC /* TorrentStatus.swift */; };
		207F235224612AA1000312AC /* TorrentListView.swift in Sources */ = {isa = PBXBuildFile; fileRef = 207F235124612AA1000312AC /* TorrentListView.swift */; };
		207F23542461314E000312AC /* TorrentListItemView.swift in Sources */ = {isa = PBXBuildFile; fileRef = 207F23532461314E000312AC /* TorrentListItemView.swift */; };
		207F23572461BFEB000312AC /* SignInViewModel.swift in Sources */ = {isa = PBXBuildFile; fileRef = 207F23562461BFEB000312AC /* SignInViewModel.swift */; };
		207F23592461C23D000312AC /* TorrentListViewModel.swift in Sources */ = {isa = PBXBuildFile; fileRef = 207F23582461C23D000312AC /* TorrentListViewModel.swift */; };
		207F235B2461C58C000312AC /* Credentials.swift in Sources */ = {isa = PBXBuildFile; fileRef = 207F235A2461C58C000312AC /* Credentials.swift */; };
		207F235D2461D29C000312AC /* UploadDownloadView.swift in Sources */ = {isa = PBXBuildFile; fileRef = 207F235C2461D29C000312AC /* UploadDownloadView.swift */; };
		207F235F2461D331000312AC /* ETAView.swift in Sources */ = {isa = PBXBuildFile; fileRef = 207F235E2461D331000312AC /* ETAView.swift */; };
		207F23612461D4A8000312AC /* ProgressBar.swift in Sources */ = {isa = PBXBuildFile; fileRef = 207F23602461D4A8000312AC /* ProgressBar.swift */; };
		207F23642464FBE5000312AC /* FilledButtonStyle.swift in Sources */ = {isa = PBXBuildFile; fileRef = 207F23632464FBE5000312AC /* FilledButtonStyle.swift */; };
		207F2368246500D1000312AC /* AuthenticatorService.swift in Sources */ = {isa = PBXBuildFile; fileRef = 207F2367246500D1000312AC /* AuthenticatorService.swift */; };
		207F236A2465023F000312AC /* RequestBody.swift in Sources */ = {isa = PBXBuildFile; fileRef = 207F23692465023F000312AC /* RequestBody.swift */; };
		207F236E2465118F000312AC /* URLSession+Utils.swift in Sources */ = {isa = PBXBuildFile; fileRef = 207F236D2465118F000312AC /* URLSession+Utils.swift */; };
		207F237324651310000312AC /* TorrentListService.swift in Sources */ = {isa = PBXBuildFile; fileRef = 207F237224651310000312AC /* TorrentListService.swift */; };
/* End PBXBuildFile section */

/* Begin PBXFileReference section */
		207F232B2461220D000312AC /* Deluge.app */ = {isa = PBXFileReference; explicitFileType = wrapper.application; includeInIndex = 0; path = Deluge.app; sourceTree = BUILT_PRODUCTS_DIR; };
		207F232E2461220D000312AC /* AppDelegate.swift */ = {isa = PBXFileReference; lastKnownFileType = sourcecode.swift; path = AppDelegate.swift; sourceTree = "<group>"; };
		207F23302461220D000312AC /* SceneDelegate.swift */ = {isa = PBXFileReference; lastKnownFileType = sourcecode.swift; path = SceneDelegate.swift; sourceTree = "<group>"; };
		207F23322461220D000312AC /* ContentView.swift */ = {isa = PBXFileReference; lastKnownFileType = sourcecode.swift; path = ContentView.swift; sourceTree = "<group>"; };
		207F23342461220F000312AC /* Assets.xcassets */ = {isa = PBXFileReference; lastKnownFileType = folder.assetcatalog; path = Assets.xcassets; sourceTree = "<group>"; };
		207F23372461220F000312AC /* Preview Assets.xcassets */ = {isa = PBXFileReference; lastKnownFileType = folder.assetcatalog; path = "Preview Assets.xcassets"; sourceTree = "<group>"; };
		207F233A2461220F000312AC /* Base */ = {isa = PBXFileReference; lastKnownFileType = file.storyboard; name = Base; path = Base.lproj/LaunchScreen.storyboard; sourceTree = "<group>"; };
		207F233C2461220F000312AC /* Info.plist */ = {isa = PBXFileReference; lastKnownFileType = text.plist.xml; path = Info.plist; sourceTree = "<group>"; };
		207F234224612229000312AC /* SignInView.swift */ = {isa = PBXFileReference; lastKnownFileType = sourcecode.swift; path = SignInView.swift; sourceTree = "<group>"; };
		207F234424612268000312AC /* RootViewModel.swift */ = {isa = PBXFileReference; lastKnownFileType = sourcecode.swift; path = RootViewModel.swift; sourceTree = "<group>"; };
		207F234824612291000312AC /* RootView.swift */ = {isa = PBXFileReference; lastKnownFileType = sourcecode.swift; path = RootView.swift; sourceTree = "<group>"; };
		207F234B24612449000312AC /* TorrentStatus.swift */ = {isa = PBXFileReference; lastKnownFileType = sourcecode.swift; path = TorrentStatus.swift; sourceTree = "<group>"; };
		207F235124612AA1000312AC /* TorrentListView.swift */ = {isa = PBXFileReference; lastKnownFileType = sourcecode.swift; path = TorrentListView.swift; sourceTree = "<group>"; };
		207F23532461314E000312AC /* TorrentListItemView.swift */ = {isa = PBXFileReference; lastKnownFileType = sourcecode.swift; path = TorrentListItemView.swift; sourceTree = "<group>"; };
		207F23562461BFEB000312AC /* SignInViewModel.swift */ = {isa = PBXFileReference; lastKnownFileType = sourcecode.swift; path = SignInViewModel.swift; sourceTree = "<group>"; };
		207F23582461C23D000312AC /* TorrentListViewModel.swift */ = {isa = PBXFileReference; lastKnownFileType = sourcecode.swift; path = TorrentListViewModel.swift; sourceTree = "<group>"; };
		207F235A2461C58C000312AC /* Credentials.swift */ = {isa = PBXFileReference; lastKnownFileType = sourcecode.swift; path = Credentials.swift; sourceTree = "<group>"; };
		207F235C2461D29C000312AC /* UploadDownloadView.swift */ = {isa = PBXFileReference; lastKnownFileType = sourcecode.swift; path = UploadDownloadView.swift; sourceTree = "<group>"; };
		207F235E2461D331000312AC /* ETAView.swift */ = {isa = PBXFileReference; lastKnownFileType = sourcecode.swift; path = ETAView.swift; sourceTree = "<group>"; };
		207F23602461D4A8000312AC /* ProgressBar.swift */ = {isa = PBXFileReference; lastKnownFileType = sourcecode.swift; path = ProgressBar.swift; sourceTree = "<group>"; };
		207F23632464FBE5000312AC /* FilledButtonStyle.swift */ = {isa = PBXFileReference; lastKnownFileType = sourcecode.swift; path = FilledButtonStyle.swift; sourceTree = "<group>"; };
		207F2367246500D1000312AC /* AuthenticatorService.swift */ = {isa = PBXFileReference; lastKnownFileType = sourcecode.swift; path = AuthenticatorService.swift; sourceTree = "<group>"; };
		207F23692465023F000312AC /* RequestBody.swift */ = {isa = PBXFileReference; lastKnownFileType = sourcecode.swift; path = RequestBody.swift; sourceTree = "<group>"; };
		207F236D2465118F000312AC /* URLSession+Utils.swift */ = {isa = PBXFileReference; lastKnownFileType = sourcecode.swift; path = "URLSession+Utils.swift"; sourceTree = "<group>"; };
		207F237224651310000312AC /* TorrentListService.swift */ = {isa = PBXFileReference; lastKnownFileType = sourcecode.swift; path = TorrentListService.swift; sourceTree = "<group>"; };
/* End PBXFileReference section */

/* Begin PBXFrameworksBuildPhase section */
		207F23282461220D000312AC /* Frameworks */ = {
			isa = PBXFrameworksBuildPhase;
			buildActionMask = 2147483647;
			files = (
			);
			runOnlyForDeploymentPostprocessing = 0;
		};
/* End PBXFrameworksBuildPhase section */

/* Begin PBXGroup section */
		207F23222461220D000312AC = {
			isa = PBXGroup;
			children = (
				207F232D2461220D000312AC /* Deluge */,
				207F232C2461220D000312AC /* Products */,
			);
			sourceTree = "<group>";
		};
		207F232C2461220D000312AC /* Products */ = {
			isa = PBXGroup;
			children = (
				207F232B2461220D000312AC /* Deluge.app */,
			);
			name = Products;
			sourceTree = "<group>";
		};
		207F232D2461220D000312AC /* Deluge */ = {
			isa = PBXGroup;
			children = (
				207F233C2461220F000312AC /* Info.plist */,
				207F232E2461220D000312AC /* AppDelegate.swift */,
				207F23322461220D000312AC /* ContentView.swift */,
				207F23302461220D000312AC /* SceneDelegate.swift */,
				207F23342461220F000312AC /* Assets.xcassets */,
				207F23462461227A000312AC /* App */,
				207F23392461220F000312AC /* LaunchScreen.storyboard */,
				207F234A24612436000312AC /* Models */,
				207F23362461220F000312AC /* Preview Content */,
			);
			path = Deluge;
			sourceTree = "<group>";
		};
		207F23362461220F000312AC /* Preview Content */ = {
			isa = PBXGroup;
			children = (
				207F23372461220F000312AC /* Preview Assets.xcassets */,
			);
			path = "Preview Content";
			sourceTree = "<group>";
		};
		207F23462461227A000312AC /* App */ = {
			isa = PBXGroup;
			children = (
				207F2366246500BB000312AC /* Network */,
				207F23652464FD66000312AC /* Others */,
				207F23622464FBD5000312AC /* Styles */,
				207F234F24612A7D000312AC /* List */,
				207F23552461BFDC000312AC /* SignIn */,
				207F234724612286000312AC /* Root */,
			);
			path = App;
			sourceTree = "<group>";
		};
		207F234724612286000312AC /* Root */ = {
			isa = PBXGroup;
			children = (
				207F234424612268000312AC /* RootViewModel.swift */,
				207F234824612291000312AC /* RootView.swift */,
			);
			path = Root;
			sourceTree = "<group>";
		};
		207F234A24612436000312AC /* Models */ = {
			isa = PBXGroup;
			children = (
				207F234B24612449000312AC /* TorrentStatus.swift */,
				207F235A2461C58C000312AC /* Credentials.swift */,
			);
			path = Models;
			sourceTree = "<group>";
		};
		207F234F24612A7D000312AC /* List */ = {
			isa = PBXGroup;
			children = (
				207F235124612AA1000312AC /* TorrentListView.swift */,
				207F23532461314E000312AC /* TorrentListItemView.swift */,
				207F23582461C23D000312AC /* TorrentListViewModel.swift */,
			);
			path = List;
			sourceTree = "<group>";
		};
		207F23552461BFDC000312AC /* SignIn */ = {
			isa = PBXGroup;
			children = (
				207F234224612229000312AC /* SignInView.swift */,
				207F23562461BFEB000312AC /* SignInViewModel.swift */,
			);
			path = SignIn;
			sourceTree = "<group>";
		};
		207F23622464FBD5000312AC /* Styles */ = {
			isa = PBXGroup;
			children = (
				207F23632464FBE5000312AC /* FilledButtonStyle.swift */,
			);
			path = Styles;
			sourceTree = "<group>";
		};
		207F23652464FD66000312AC /* Others */ = {
			isa = PBXGroup;
			children = (
				207F235C2461D29C000312AC /* UploadDownloadView.swift */,
				207F23602461D4A8000312AC /* ProgressBar.swift */,
				207F235E2461D331000312AC /* ETAView.swift */,
			);
			path = Others;
			sourceTree = "<group>";
		};
		207F2366246500BB000312AC /* Network */ = {
			isa = PBXGroup;
			children = (
				207F2371246512E6000312AC /* Others */,
				207F2370246512DC000312AC /* Services */,
			);
			path = Network;
			sourceTree = "<group>";
		};
		207F2370246512DC000312AC /* Services */ = {
			isa = PBXGroup;
			children = (
				207F2367246500D1000312AC /* AuthenticatorService.swift */,
				207F237224651310000312AC /* TorrentListService.swift */,
			);
			path = Services;
			sourceTree = "<group>";
		};
		207F2371246512E6000312AC /* Others */ = {
			isa = PBXGroup;
			children = (
				207F23692465023F000312AC /* RequestBody.swift */,
				207F236D2465118F000312AC /* URLSession+Utils.swift */,
			);
			path = Others;
			sourceTree = "<group>";
		};
/* End PBXGroup section */

/* Begin PBXNativeTarget section */
		207F232A2461220D000312AC /* Deluge */ = {
			isa = PBXNativeTarget;
			buildConfigurationList = 207F233F2461220F000312AC /* Build configuration list for PBXNativeTarget "Deluge" */;
			buildPhases = (
				207F23272461220D000312AC /* Sources */,
				207F23282461220D000312AC /* Frameworks */,
				207F23292461220D000312AC /* Resources */,
			);
			buildRules = (
			);
			dependencies = (
			);
			name = Deluge;
			productName = Deluge;
			productReference = 207F232B2461220D000312AC /* Deluge.app */;
			productType = "com.apple.product-type.application";
		};
/* End PBXNativeTarget section */

/* Begin PBXProject section */
		207F23232461220D000312AC /* Project object */ = {
			isa = PBXProject;
			attributes = {
				LastSwiftUpdateCheck = 1140;
				LastUpgradeCheck = 1140;
				ORGANIZATIONNAME = "Emil Landron";
				TargetAttributes = {
					207F232A2461220D000312AC = {
						CreatedOnToolsVersion = 11.4.1;
					};
				};
			};
			buildConfigurationList = 207F23262461220D000312AC /* Build configuration list for PBXProject "Deluge" */;
			compatibilityVersion = "Xcode 9.3";
			developmentRegion = en;
			hasScannedForEncodings = 0;
			knownRegions = (
				en,
				Base,
			);
			mainGroup = 207F23222461220D000312AC;
			productRefGroup = 207F232C2461220D000312AC /* Products */;
			projectDirPath = "";
			projectRoot = "";
			targets = (
				207F232A2461220D000312AC /* Deluge */,
			);
		};
/* End PBXProject section */

/* Begin PBXResourcesBuildPhase section */
		207F23292461220D000312AC /* Resources */ = {
			isa = PBXResourcesBuildPhase;
			buildActionMask = 2147483647;
			files = (
				207F233B2461220F000312AC /* LaunchScreen.storyboard in Resources */,
				207F23382461220F000312AC /* Preview Assets.xcassets in Resources */,
				207F23352461220F000312AC /* Assets.xcassets in Resources */,
			);
			runOnlyForDeploymentPostprocessing = 0;
		};
/* End PBXResourcesBuildPhase section */

/* Begin PBXSourcesBuildPhase section */
		207F23272461220D000312AC /* Sources */ = {
			isa = PBXSourcesBuildPhase;
			buildActionMask = 2147483647;
			files = (
				207F2368246500D1000312AC /* AuthenticatorService.swift in Sources */,
				207F23542461314E000312AC /* TorrentListItemView.swift in Sources */,
				207F234524612268000312AC /* RootViewModel.swift in Sources */,
				207F236E2465118F000312AC /* URLSession+Utils.swift in Sources */,
				207F235224612AA1000312AC /* TorrentListView.swift in Sources */,
				207F232F2461220D000312AC /* AppDelegate.swift in Sources */,
				207F236A2465023F000312AC /* RequestBody.swift in Sources */,
				207F23572461BFEB000312AC /* SignInViewModel.swift in Sources */,
				207F234C24612449000312AC /* TorrentStatus.swift in Sources */,
				207F235B2461C58C000312AC /* Credentials.swift in Sources */,
				207F234924612291000312AC /* RootView.swift in Sources */,
				207F235D2461D29C000312AC /* UploadDownloadView.swift in Sources */,
				207F235F2461D331000312AC /* ETAView.swift in Sources */,
				207F23312461220D000312AC /* SceneDelegate.swift in Sources */,
				207F23592461C23D000312AC /* TorrentListViewModel.swift in Sources */,
				207F237324651310000312AC /* TorrentListService.swift in Sources */,
				207F23332461220D000312AC /* ContentView.swift in Sources */,
				207F23612461D4A8000312AC /* ProgressBar.swift in Sources */,
				207F234324612229000312AC /* SignInView.swift in Sources */,
				207F23642464FBE5000312AC /* FilledButtonStyle.swift in Sources */,
			);
			runOnlyForDeploymentPostprocessing = 0;
		};
/* End PBXSourcesBuildPhase section */

/* Begin PBXVariantGroup section */
		207F23392461220F000312AC /* LaunchScreen.storyboard */ = {
			isa = PBXVariantGroup;
			children = (
				207F233A2461220F000312AC /* Base */,
			);
			name = LaunchScreen.storyboard;
			sourceTree = "<group>";
		};
/* End PBXVariantGroup section */

/* Begin XCBuildConfiguration section */
		207F233D2461220F000312AC /* Debug */ = {
			isa = XCBuildConfiguration;
			buildSettings = {
				ALWAYS_SEARCH_USER_PATHS = NO;
				CLANG_ANALYZER_NONNULL = YES;
				CLANG_ANALYZER_NUMBER_OBJECT_CONVERSION = YES_AGGRESSIVE;
				CLANG_CXX_LANGUAGE_STANDARD = "gnu++14";
				CLANG_CXX_LIBRARY = "libc++";
				CLANG_ENABLE_MODULES = YES;
				CLANG_ENABLE_OBJC_ARC = YES;
				CLANG_ENABLE_OBJC_WEAK = YES;
				CLANG_WARN_BLOCK_CAPTURE_AUTORELEASING = YES;
				CLANG_WARN_BOOL_CONVERSION = YES;
				CLANG_WARN_COMMA = YES;
				CLANG_WARN_CONSTANT_CONVERSION = YES;
				CLANG_WARN_DEPRECATED_OBJC_IMPLEMENTATIONS = YES;
				CLANG_WARN_DIRECT_OBJC_ISA_USAGE = YES_ERROR;
				CLANG_WARN_DOCUMENTATION_COMMENTS = YES;
				CLANG_WARN_EMPTY_BODY = YES;
				CLANG_WARN_ENUM_CONVERSION = YES;
				CLANG_WARN_INFINITE_RECURSION = YES;
				CLANG_WARN_INT_CONVERSION = YES;
				CLANG_WARN_NON_LITERAL_NULL_CONVERSION = YES;
				CLANG_WARN_OBJC_IMPLICIT_RETAIN_SELF = YES;
				CLANG_WARN_OBJC_LITERAL_CONVERSION = YES;
				CLANG_WARN_OBJC_ROOT_CLASS = YES_ERROR;
				CLANG_WARN_RANGE_LOOP_ANALYSIS = YES;
				CLANG_WARN_STRICT_PROTOTYPES = YES;
				CLANG_WARN_SUSPICIOUS_MOVE = YES;
				CLANG_WARN_UNGUARDED_AVAILABILITY = YES_AGGRESSIVE;
				CLANG_WARN_UNREACHABLE_CODE = YES;
				CLANG_WARN__DUPLICATE_METHOD_MATCH = YES;
				COPY_PHASE_STRIP = NO;
				DEBUG_INFORMATION_FORMAT = dwarf;
				ENABLE_STRICT_OBJC_MSGSEND = YES;
				ENABLE_TESTABILITY = YES;
				GCC_C_LANGUAGE_STANDARD = gnu11;
				GCC_DYNAMIC_NO_PIC = NO;
				GCC_NO_COMMON_BLOCKS = YES;
				GCC_OPTIMIZATION_LEVEL = 0;
				GCC_PREPROCESSOR_DEFINITIONS = (
					"DEBUG=1",
					"$(inherited)",
				);
				GCC_WARN_64_TO_32_BIT_CONVERSION = YES;
				GCC_WARN_ABOUT_RETURN_TYPE = YES_ERROR;
				GCC_WARN_UNDECLARED_SELECTOR = YES;
				GCC_WARN_UNINITIALIZED_AUTOS = YES_AGGRESSIVE;
				GCC_WARN_UNUSED_FUNCTION = YES;
				GCC_WARN_UNUSED_VARIABLE = YES;
				IPHONEOS_DEPLOYMENT_TARGET = 13.4;
				MTL_ENABLE_DEBUG_INFO = INCLUDE_SOURCE;
				MTL_FAST_MATH = YES;
				ONLY_ACTIVE_ARCH = YES;
				SDKROOT = iphoneos;
				SWIFT_ACTIVE_COMPILATION_CONDITIONS = DEBUG;
				SWIFT_OPTIMIZATION_LEVEL = "-Onone";
			};
			name = Debug;
		};
		207F233E2461220F000312AC /* Release */ = {
			isa = XCBuildConfiguration;
			buildSettings = {
				ALWAYS_SEARCH_USER_PATHS = NO;
				CLANG_ANALYZER_NONNULL = YES;
				CLANG_ANALYZER_NUMBER_OBJECT_CONVERSION = YES_AGGRESSIVE;
				CLANG_CXX_LANGUAGE_STANDARD = "gnu++14";
				CLANG_CXX_LIBRARY = "libc++";
				CLANG_ENABLE_MODULES = YES;
				CLANG_ENABLE_OBJC_ARC = YES;
				CLANG_ENABLE_OBJC_WEAK = YES;
				CLANG_WARN_BLOCK_CAPTURE_AUTORELEASING = YES;
				CLANG_WARN_BOOL_CONVERSION = YES;
				CLANG_WARN_COMMA = YES;
				CLANG_WARN_CONSTANT_CONVERSION = YES;
				CLANG_WARN_DEPRECATED_OBJC_IMPLEMENTATIONS = YES;
				CLANG_WARN_DIRECT_OBJC_ISA_USAGE = YES_ERROR;
				CLANG_WARN_DOCUMENTATION_COMMENTS = YES;
				CLANG_WARN_EMPTY_BODY = YES;
				CLANG_WARN_ENUM_CONVERSION = YES;
				CLANG_WARN_INFINITE_RECURSION = YES;
				CLANG_WARN_INT_CONVERSION = YES;
				CLANG_WARN_NON_LITERAL_NULL_CONVERSION = YES;
				CLANG_WARN_OBJC_IMPLICIT_RETAIN_SELF = YES;
				CLANG_WARN_OBJC_LITERAL_CONVERSION = YES;
				CLANG_WARN_OBJC_ROOT_CLASS = YES_ERROR;
				CLANG_WARN_RANGE_LOOP_ANALYSIS = YES;
				CLANG_WARN_STRICT_PROTOTYPES = YES;
				CLANG_WARN_SUSPICIOUS_MOVE = YES;
				CLANG_WARN_UNGUARDED_AVAILABILITY = YES_AGGRESSIVE;
				CLANG_WARN_UNREACHABLE_CODE = YES;
				CLANG_WARN__DUPLICATE_METHOD_MATCH = YES;
				COPY_PHASE_STRIP = NO;
				DEBUG_INFORMATION_FORMAT = "dwarf-with-dsym";
				ENABLE_NS_ASSERTIONS = NO;
				ENABLE_STRICT_OBJC_MSGSEND = YES;
				GCC_C_LANGUAGE_STANDARD = gnu11;
				GCC_NO_COMMON_BLOCKS = YES;
				GCC_WARN_64_TO_32_BIT_CONVERSION = YES;
				GCC_WARN_ABOUT_RETURN_TYPE = YES_ERROR;
				GCC_WARN_UNDECLARED_SELECTOR = YES;
				GCC_WARN_UNINITIALIZED_AUTOS = YES_AGGRESSIVE;
				GCC_WARN_UNUSED_FUNCTION = YES;
				GCC_WARN_UNUSED_VARIABLE = YES;
				IPHONEOS_DEPLOYMENT_TARGET = 13.4;
				MTL_ENABLE_DEBUG_INFO = NO;
				MTL_FAST_MATH = YES;
				SDKROOT = iphoneos;
				SWIFT_COMPILATION_MODE = wholemodule;
				SWIFT_OPTIMIZATION_LEVEL = "-O";
				VALIDATE_PRODUCT = YES;
			};
			name = Release;
		};
		207F23402461220F000312AC /* Debug */ = {
			isa = XCBuildConfiguration;
			buildSettings = {
				ASSETCATALOG_COMPILER_APPICON_NAME = AppIcon;
				CODE_SIGN_STYLE = Automatic;
				DEVELOPMENT_ASSET_PATHS = "\"Deluge/Preview Content\"";
				DEVELOPMENT_TEAM = 49JZ893555;
				ENABLE_PREVIEWS = YES;
				INFOPLIST_FILE = Deluge/Info.plist;
				LD_RUNPATH_SEARCH_PATHS = (
					"$(inherited)",
					"@executable_path/Frameworks",
				);
				PRODUCT_BUNDLE_IDENTIFIER = com.emil.ios.Deluge;
				PRODUCT_NAME = "$(TARGET_NAME)";
				SWIFT_VERSION = 5.0;
				TARGETED_DEVICE_FAMILY = "1,2";
			};
			name = Debug;
		};
		207F23412461220F000312AC /* Release */ = {
			isa = XCBuildConfiguration;
			buildSettings = {
				ASSETCATALOG_COMPILER_APPICON_NAME = AppIcon;
				CODE_SIGN_STYLE = Automatic;
				DEVELOPMENT_ASSET_PATHS = "\"Deluge/Preview Content\"";
				DEVELOPMENT_TEAM = 49JZ893555;
				ENABLE_PREVIEWS = YES;
				INFOPLIST_FILE = Deluge/Info.plist;
				LD_RUNPATH_SEARCH_PATHS = (
					"$(inherited)",
					"@executable_path/Frameworks",
				);
				PRODUCT_BUNDLE_IDENTIFIER = com.emil.ios.Deluge;
				PRODUCT_NAME = "$(TARGET_NAME)";
				SWIFT_VERSION = 5.0;
				TARGETED_DEVICE_FAMILY = "1,2";
			};
			name = Release;
		};
/* End XCBuildConfiguration section */

/* Begin XCConfigurationList section */
		207F23262461220D000312AC /* Build configuration list for PBXProject "Deluge" */ = {
			isa = XCConfigurationList;
			buildConfigurations = (
				207F233D2461220F000312AC /* Debug */,
				207F233E2461220F000312AC /* Release */,
			);
			defaultConfigurationIsVisible = 0;
			defaultConfigurationName = Release;
		};
		207F233F2461220F000312AC /* Build configuration list for PBXNativeTarget "Deluge" */ = {
			isa = XCConfigurationList;
			buildConfigurations = (
				207F23402461220F000312AC /* Debug */,
				207F23412461220F000312AC /* Release */,
			);
			defaultConfigurationIsVisible = 0;
			defaultConfigurationName = Release;
		};
/* End XCConfigurationList section */
	};
	rootObject = 207F23232461220D000312AC /* Project object */;
}
