{
  "object": {
    "pins": [
      {
        "package": "KeychainStored",
        "repositoryURL": "https://github.com/owowagency/KeychainStored",
        "state": {
          "branch": null,
          "revision": "3f43efaa85d981f3819c9bca6a4f488d9cb534e9",
          "version": "1.0.0"
        }
      },
      {
        "package": "SwiftyRedux",
        "repositoryURL": "https://bitbucket.org/emilapps/swiftyredux/",
        "state": {
          "branch": "master",
          "revision": "8e1aad77cbcf21c161fd8c298bbe6a8eaf793eb6",
          "version": null
        }
      }
    ]
  },
  "version": 1
}
